
Microsoft Visual Studio Solution File, Format Version 12.00
# Visual Studio Version 17
VisualStudioVersion = 17.9.34714.143
MinimumVisualStudioVersion = 10.0.40219.1
Project("{FAE04EC0-301F-11D3-BF4B-00C04F79EFBC}") = "Taux_de_change", "Taux_de_change.csproj", "{335C45C1-7FE3-4F5B-A115-FBDE1B7E9DC0}"
EndProject
Project("{2150E333-8FDC-42A3-9474-1A3956D46DE8}") = "Éléments de solution", "Éléments de solution", "{CA7BA185-3C8B-473A-91D9-F7A84B7B3355}"
	ProjectSection(SolutionItems) = preProject
		.gitignore = .gitignore
	EndProjectSection
EndProject
Global
	GlobalSection(SolutionConfigurationPlatforms) = preSolution
		Debug|Any CPU = Debug|Any CPU
		Release|Any CPU = Release|Any CPU
	EndGlobalSection
	GlobalSection(ProjectConfigurationPlatforms) = postSolution
		{335C45C1-7FE3-4F5B-A115-FBDE1B7E9DC0}.Debug|Any CPU.ActiveCfg = Debug|Any CPU
		{335C45C1-7FE3-4F5B-A115-FBDE1B7E9DC0}.Debug|Any CPU.Build.0 = Debug|Any CPU
		{335C45C1-7FE3-4F5B-A115-FBDE1B7E9DC0}.Release|Any CPU.ActiveCfg = Release|Any CPU
		{335C45C1-7FE3-4F5B-A115-FBDE1B7E9DC0}.Release|Any CPU.Build.0 = Release|Any CPU
	EndGlobalSection
	GlobalSection(SolutionProperties) = preSolution
		HideSolutionNode = FALSE
	EndGlobalSection
	GlobalSection(ExtensibilityGlobals) = postSolution
		SolutionGuid = {0A72D372-54A8-43E9-AD79-5594E8DBF138}
	EndGlobalSection
EndGlobal
